{
  "nodes": {
    "nix-std": {
      "locked": {
        "lastModified": 1710870712,
        "narHash": "sha256-e+7MJF2gsgTBuOWv4mCimSP0D9+naeFSw9a7N3yEmv4=",
        "owner": "chessai",
        "repo": "nix-std",
        "rev": "31bbc925750cc9d8f828fe55cee1a2bd985e0c00",
        "type": "github"
      },
      "original": {
        "owner": "chessai",
        "repo": "nix-std",
        "type": "github"
      }
    },
    "nixpkgs": {
      "locked": {
        "lastModified": 1751011381,
        "narHash": "sha256-krGXKxvkBhnrSC/kGBmg5MyupUUT5R6IBCLEzx9jhMM=",
        "owner": "nixos",
        "repo": "nixpkgs",
        "rev": "30e2e2857ba47844aa71991daa6ed1fc678bcbb7",
        "type": "github"
      },
      "original": {
        "owner": "nixos",
        "ref": "nixos-unstable",
        "repo": "nixpkgs",
        "type": "github"
      }
    },
    "root": {
      "inputs": {
        "nix-std": "nix-std",
        "nixpkgs": "nixpkgs"
      }
    }
  },
  "root": "root",
  "version": 7
}
